// !$*UTF8*$!
{
	archiveVersion = 1;
	classes = {
	};
	objectVersion = 48;
	objects = {

/* Begin PBXBuildFile section */
		07512C3B48E7236CA32745BD /* Pods_FlixTests.framework in Frameworks */ = {isa = PBXBuildFile; fileRef = 364513DE33C2DB02538C9D80 /* Pods_FlixTests.framework */; };
		096352BF745DDB0E34404FE0 /* Pods_Flix.framework in Frameworks */ = {isa = PBXBuildFile; fileRef = EE8D7AFED9AB7A4E261554DA /* Pods_Flix.framework */; };
		0CDD3A483DF95AF04F2C30D7 /* Pods_FlixUITests.framework in Frameworks */ = {isa = PBXBuildFile; fileRef = 6127A78CFC336D34A6DB810E /* Pods_FlixUITests.framework */; };
		1B496D382020EC7C008E3B0D /* MovieCell.swift in Sources */ = {isa = PBXBuildFile; fileRef = 1B496D372020EC7C008E3B0D /* MovieCell.swift */; };
		1B5BD29820205E4700CCB55A /* NowPlayingViewController.swift in Sources */ = {isa = PBXBuildFile; fileRef = 1B5BD29720205E4700CCB55A /* NowPlayingViewController.swift */; };
		1BE5AC76202044F10000F7FC /* AppDelegate.swift in Sources */ = {isa = PBXBuildFile; fileRef = 1BE5AC75202044F10000F7FC /* AppDelegate.swift */; };
		1BE5AC7B202044F10000F7FC /* Main.storyboard in Resources */ = {isa = PBXBuildFile; fileRef = 1BE5AC79202044F10000F7FC /* Main.storyboard */; };
		1BE5AC7D202044F10000F7FC /* Assets.xcassets in Resources */ = {isa = PBXBuildFile; fileRef = 1BE5AC7C202044F10000F7FC /* Assets.xcassets */; };
		1BE5AC80202044F10000F7FC /* LaunchScreen.storyboard in Resources */ = {isa = PBXBuildFile; fileRef = 1BE5AC7E202044F10000F7FC /* LaunchScreen.storyboard */; };
		1BE5AC8B202044F10000F7FC /* FlixTests.swift in Sources */ = {isa = PBXBuildFile; fileRef = 1BE5AC8A202044F10000F7FC /* FlixTests.swift */; };
		1BE5AC96202044F10000F7FC /* FlixUITests.swift in Sources */ = {isa = PBXBuildFile; fileRef = 1BE5AC95202044F10000F7FC /* FlixUITests.swift */; };
/* End PBXBuildFile section */

/* Begin PBXContainerItemProxy section */
		1BE5AC87202044F10000F7FC /* PBXContainerItemProxy */ = {
			isa = PBXContainerItemProxy;
			containerPortal = 1BE5AC6A202044F10000F7FC /* Project object */;
			proxyType = 1;
			remoteGlobalIDString = 1BE5AC71202044F10000F7FC;
			remoteInfo = Flix;
		};
		1BE5AC92202044F10000F7FC /* PBXContainerItemProxy */ = {
			isa = PBXContainerItemProxy;
			containerPortal = 1BE5AC6A202044F10000F7FC /* Project object */;
			proxyType = 1;
			remoteGlobalIDString = 1BE5AC71202044F10000F7FC;
			remoteInfo = Flix;
		};
/* End PBXContainerItemProxy section */

/* Begin PBXFileReference section */
		061B6F39D8AD2F527AD35C17 /* Pods-FlixUITests.debug.xcconfig */ = {isa = PBXFileReference; includeInIndex = 1; lastKnownFileType = text.xcconfig; name = "Pods-FlixUITests.debug.xcconfig"; path = "Pods/Target Support Files/Pods-FlixUITests/Pods-FlixUITests.debug.xcconfig"; sourceTree = "<group>"; };
		1B496D372020EC7C008E3B0D /* MovieCell.swift */ = {isa = PBXFileReference; lastKnownFileType = sourcecode.swift; path = MovieCell.swift; sourceTree = "<group>"; };
		1B5BD29720205E4700CCB55A /* NowPlayingViewController.swift */ = {isa = PBXFileReference; lastKnownFileType = sourcecode.swift; path = NowPlayingViewController.swift; sourceTree = "<group>"; };
		1BE5AC72202044F10000F7FC /* Flix.app */ = {isa = PBXFileReference; explicitFileType = wrapper.application; includeInIndex = 0; path = Flix.app; sourceTree = BUILT_PRODUCTS_DIR; };
		1BE5AC75202044F10000F7FC /* AppDelegate.swift */ = {isa = PBXFileReference; lastKnownFileType = sourcecode.swift; path = AppDelegate.swift; sourceTree = "<group>"; };
		1BE5AC7A202044F10000F7FC /* Base */ = {isa = PBXFileReference; lastKnownFileType = file.storyboard; name = Base; path = Base.lproj/Main.storyboard; sourceTree = "<group>"; };
		1BE5AC7C202044F10000F7FC /* Assets.xcassets */ = {isa = PBXFileReference; lastKnownFileType = folder.assetcatalog; path = Assets.xcassets; sourceTree = "<group>"; };
		1BE5AC7F202044F10000F7FC /* Base */ = {isa = PBXFileReference; lastKnownFileType = file.storyboard; name = Base; path = Base.lproj/LaunchScreen.storyboard; sourceTree = "<group>"; };
		1BE5AC81202044F10000F7FC /* Info.plist */ = {isa = PBXFileReference; lastKnownFileType = text.plist.xml; path = Info.plist; sourceTree = "<group>"; };
		1BE5AC86202044F10000F7FC /* FlixTests.xctest */ = {isa = PBXFileReference; explicitFileType = wrapper.cfbundle; includeInIndex = 0; path = FlixTests.xctest; sourceTree = BUILT_PRODUCTS_DIR; };
		1BE5AC8A202044F10000F7FC /* FlixTests.swift */ = {isa = PBXFileReference; lastKnownFileType = sourcecode.swift; path = FlixTests.swift; sourceTree = "<group>"; };
		1BE5AC8C202044F10000F7FC /* Info.plist */ = {isa = PBXFileReference; lastKnownFileType = text.plist.xml; path = Info.plist; sourceTree = "<group>"; };
		1BE5AC91202044F10000F7FC /* FlixUITests.xctest */ = {isa = PBXFileReference; explicitFileType = wrapper.cfbundle; includeInIndex = 0; path = FlixUITests.xctest; sourceTree = BUILT_PRODUCTS_DIR; };
		1BE5AC95202044F10000F7FC /* FlixUITests.swift */ = {isa = PBXFileReference; lastKnownFileType = sourcecode.swift; path = FlixUITests.swift; sourceTree = "<group>"; };
		1BE5AC97202044F10000F7FC /* Info.plist */ = {isa = PBXFileReference; lastKnownFileType = text.plist.xml; path = Info.plist; sourceTree = "<group>"; };
		364513DE33C2DB02538C9D80 /* Pods_FlixTests.framework */ = {isa = PBXFileReference; explicitFileType = wrapper.framework; includeInIndex = 0; path = Pods_FlixTests.framework; sourceTree = BUILT_PRODUCTS_DIR; };
		53EF4526E41F1723F3441694 /* Pods-Flix.debug.xcconfig */ = {isa = PBXFileReference; includeInIndex = 1; lastKnownFileType = text.xcconfig; name = "Pods-Flix.debug.xcconfig"; path = "Pods/Target Support Files/Pods-Flix/Pods-Flix.debug.xcconfig"; sourceTree = "<group>"; };
		6127A78CFC336D34A6DB810E /* Pods_FlixUITests.framework */ = {isa = PBXFileReference; explicitFileType = wrapper.framework; includeInIndex = 0; path = Pods_FlixUITests.framework; sourceTree = BUILT_PRODUCTS_DIR; };
		80A19CFBE37853E5FA70CB1B /* Pods-FlixUITests.release.xcconfig */ = {isa = PBXFileReference; includeInIndex = 1; lastKnownFileType = text.xcconfig; name = "Pods-FlixUITests.release.xcconfig"; path = "Pods/Target Support Files/Pods-FlixUITests/Pods-FlixUITests.release.xcconfig"; sourceTree = "<group>"; };
		B8F0ED86E5C8854510EE2012 /* Pods-Flix.release.xcconfig */ = {isa = PBXFileReference; includeInIndex = 1; lastKnownFileType = text.xcconfig; name = "Pods-Flix.release.xcconfig"; path = "Pods/Target Support Files/Pods-Flix/Pods-Flix.release.xcconfig"; sourceTree = "<group>"; };
		BFC74027503A648F979658AF /* Pods-FlixTests.release.xcconfig */ = {isa = PBXFileReference; includeInIndex = 1; lastKnownFileType = text.xcconfig; name = "Pods-FlixTests.release.xcconfig"; path = "Pods/Target Support Files/Pods-FlixTests/Pods-FlixTests.release.xcconfig"; sourceTree = "<group>"; };
		D2907D7C4F5983568CE155E2 /* Pods-FlixTests.debug.xcconfig */ = {isa = PBXFileReference; includeInIndex = 1; lastKnownFileType = text.xcconfig; name = "Pods-FlixTests.debug.xcconfig"; path = "Pods/Target Support Files/Pods-FlixTests/Pods-FlixTests.debug.xcconfig"; sourceTree = "<group>"; };
		EE8D7AFED9AB7A4E261554DA /* Pods_Flix.framework */ = {isa = PBXFileReference; explicitFileType = wrapper.framework; includeInIndex = 0; path = Pods_Flix.framework; sourceTree = BUILT_PRODUCTS_DIR; };
/* End PBXFileReference section */

/* Begin PBXFrameworksBuildPhase section */
		1BE5AC6F202044F10000F7FC /* Frameworks */ = {
			isa = PBXFrameworksBuildPhase;
			buildActionMask = 2147483647;
			files = (
				096352BF745DDB0E34404FE0 /* Pods_Flix.framework in Frameworks */,
			);
			runOnlyForDeploymentPostprocessing = 0;
		};
		1BE5AC83202044F10000F7FC /* Frameworks */ = {
			isa = PBXFrameworksBuildPhase;
			buildActionMask = 2147483647;
			files = (
				07512C3B48E7236CA32745BD /* Pods_FlixTests.framework in Frameworks */,
			);
			runOnlyForDeploymentPostprocessing = 0;
		};
		1BE5AC8E202044F10000F7FC /* Frameworks */ = {
			isa = PBXFrameworksBuildPhase;
			buildActionMask = 2147483647;
			files = (
				0CDD3A483DF95AF04F2C30D7 /* Pods_FlixUITests.framework in Frameworks */,
			);
			runOnlyForDeploymentPostprocessing = 0;
		};
/* End PBXFrameworksBuildPhase section */

/* Begin PBXGroup section */
		1BE5AC69202044F10000F7FC = {
			isa = PBXGroup;
			children = (
				1BE5AC74202044F10000F7FC /* Flix */,
				1BE5AC89202044F10000F7FC /* FlixTests */,
				1BE5AC94202044F10000F7FC /* FlixUITests */,
				1BE5AC73202044F10000F7FC /* Products */,
				E8EB84F8220A765E3A5799F2 /* Pods */,
				FAE90443133C05B1926A832C /* Frameworks */,
			);
			sourceTree = "<group>";
		};
		1BE5AC73202044F10000F7FC /* Products */ = {
			isa = PBXGroup;
			children = (
				1BE5AC72202044F10000F7FC /* Flix.app */,
				1BE5AC86202044F10000F7FC /* FlixTests.xctest */,
				1BE5AC91202044F10000F7FC /* FlixUITests.xctest */,
			);
			name = Products;
			sourceTree = "<group>";
		};
		1BE5AC74202044F10000F7FC /* Flix */ = {
			isa = PBXGroup;
			children = (
				1B5BD29720205E4700CCB55A /* NowPlayingViewController.swift */,
				1BE5AC75202044F10000F7FC /* AppDelegate.swift */,
				1BE5AC79202044F10000F7FC /* Main.storyboard */,
				1BE5AC7C202044F10000F7FC /* Assets.xcassets */,
				1BE5AC7E202044F10000F7FC /* LaunchScreen.storyboard */,
				1BE5AC81202044F10000F7FC /* Info.plist */,
				1B496D372020EC7C008E3B0D /* MovieCell.swift */,
			);
			path = Flix;
			sourceTree = "<group>";
		};
		1BE5AC89202044F10000F7FC /* FlixTests */ = {
			isa = PBXGroup;
			children = (
				1BE5AC8A202044F10000F7FC /* FlixTests.swift */,
				1BE5AC8C202044F10000F7FC /* Info.plist */,
			);
			path = FlixTests;
			sourceTree = "<group>";
		};
		1BE5AC94202044F10000F7FC /* FlixUITests */ = {
			isa = PBXGroup;
			children = (
				1BE5AC95202044F10000F7FC /* FlixUITests.swift */,
				1BE5AC97202044F10000F7FC /* Info.plist */,
			);
			path = FlixUITests;
			sourceTree = "<group>";
		};
		E8EB84F8220A765E3A5799F2 /* Pods */ = {
			isa = PBXGroup;
			children = (
				53EF4526E41F1723F3441694 /* Pods-Flix.debug.xcconfig */,
				B8F0ED86E5C8854510EE2012 /* Pods-Flix.release.xcconfig */,
				D2907D7C4F5983568CE155E2 /* Pods-FlixTests.debug.xcconfig */,
				BFC74027503A648F979658AF /* Pods-FlixTests.release.xcconfig */,
				061B6F39D8AD2F527AD35C17 /* Pods-FlixUITests.debug.xcconfig */,
				80A19CFBE37853E5FA70CB1B /* Pods-FlixUITests.release.xcconfig */,
			);
			name = Pods;
			sourceTree = "<group>";
		};
		FAE90443133C05B1926A832C /* Frameworks */ = {
			isa = PBXGroup;
			children = (
				EE8D7AFED9AB7A4E261554DA /* Pods_Flix.framework */,
				364513DE33C2DB02538C9D80 /* Pods_FlixTests.framework */,
				6127A78CFC336D34A6DB810E /* Pods_FlixUITests.framework */,
			);
			name = Frameworks;
			sourceTree = "<group>";
		};
/* End PBXGroup section */

/* Begin PBXNativeTarget section */
		1BE5AC71202044F10000F7FC /* Flix */ = {
			isa = PBXNativeTarget;
			buildConfigurationList = 1BE5AC9A202044F10000F7FC /* Build configuration list for PBXNativeTarget "Flix" */;
			buildPhases = (
				19F163C7EC8162616CA1F64C /* [CP] Check Pods Manifest.lock */,
				1BE5AC6E202044F10000F7FC /* Sources */,
				1BE5AC6F202044F10000F7FC /* Frameworks */,
				1BE5AC70202044F10000F7FC /* Resources */,
				F84CB6FFF8A5350CAFFA96B2 /* [CP] Embed Pods Frameworks */,
				3032FA66E78CC1836782AF46 /* [CP] Copy Pods Resources */,
			);
			buildRules = (
			);
			dependencies = (
			);
			name = Flix;
			productName = Flix;
			productReference = 1BE5AC72202044F10000F7FC /* Flix.app */;
			productType = "com.apple.product-type.application";
		};
		1BE5AC85202044F10000F7FC /* FlixTests */ = {
			isa = PBXNativeTarget;
			buildConfigurationList = 1BE5AC9D202044F10000F7FC /* Build configuration list for PBXNativeTarget "FlixTests" */;
			buildPhases = (
				3B419E5AC64E0A83EFDBE4B9 /* [CP] Check Pods Manifest.lock */,
				1BE5AC82202044F10000F7FC /* Sources */,
				1BE5AC83202044F10000F7FC /* Frameworks */,
				1BE5AC84202044F10000F7FC /* Resources */,
				2B2A559559D31ACD2598F55D /* [CP] Embed Pods Frameworks */,
				2F8EC038A94F12537C4B0CB5 /* [CP] Copy Pods Resources */,
			);
			buildRules = (
			);
			dependencies = (
				1BE5AC88202044F10000F7FC /* PBXTargetDependency */,
			);
			name = FlixTests;
			productName = FlixTests;
			productReference = 1BE5AC86202044F10000F7FC /* FlixTests.xctest */;
			productType = "com.apple.product-type.bundle.unit-test";
		};
		1BE5AC90202044F10000F7FC /* FlixUITests */ = {
			isa = PBXNativeTarget;
			buildConfigurationList = 1BE5ACA0202044F10000F7FC /* Build configuration list for PBXNativeTarget "FlixUITests" */;
			buildPhases = (
				D3017AA39BC17D6D95D5BE24 /* [CP] Check Pods Manifest.lock */,
				1BE5AC8D202044F10000F7FC /* Sources */,
				1BE5AC8E202044F10000F7FC /* Frameworks */,
				1BE5AC8F202044F10000F7FC /* Resources */,
				434D8FC5180E27E28741839B /* [CP] Embed Pods Frameworks */,
				94F4C3C35F382A32C63FD7E9 /* [CP] Copy Pods Resources */,
			);
			buildRules = (
			);
			dependencies = (
				1BE5AC93202044F10000F7FC /* PBXTargetDependency */,
			);
			name = FlixUITests;
			productName = FlixUITests;
			productReference = 1BE5AC91202044F10000F7FC /* FlixUITests.xctest */;
			productType = "com.apple.product-type.bundle.ui-testing";
		};
/* End PBXNativeTarget section */

/* Begin PBXProject section */
		1BE5AC6A202044F10000F7FC /* Project object */ = {
			isa = PBXProject;
			attributes = {
				LastSwiftUpdateCheck = 0910;
				LastUpgradeCheck = 0910;
				ORGANIZATIONNAME = "Honorio Vega";
				TargetAttributes = {
					1BE5AC71202044F10000F7FC = {
						CreatedOnToolsVersion = 9.1;
						ProvisioningStyle = Automatic;
					};
					1BE5AC85202044F10000F7FC = {
						CreatedOnToolsVersion = 9.1;
						ProvisioningStyle = Automatic;
						TestTargetID = 1BE5AC71202044F10000F7FC;
					};
					1BE5AC90202044F10000F7FC = {
						CreatedOnToolsVersion = 9.1;
						ProvisioningStyle = Automatic;
						TestTargetID = 1BE5AC71202044F10000F7FC;
					};
				};
			};
			buildConfigurationList = 1BE5AC6D202044F10000F7FC /* Build configuration list for PBXProject "Flix" */;
			compatibilityVersion = "Xcode 8.0";
			developmentRegion = en;
			hasScannedForEncodings = 0;
			knownRegions = (
				en,
				Base,
			);
			mainGroup = 1BE5AC69202044F10000F7FC;
			productRefGroup = 1BE5AC73202044F10000F7FC /* Products */;
			projectDirPath = "";
			projectRoot = "";
			targets = (
				1BE5AC71202044F10000F7FC /* Flix */,
				1BE5AC85202044F10000F7FC /* FlixTests */,
				1BE5AC90202044F10000F7FC /* FlixUITests */,
			);
		};
/* End PBXProject section */

/* Begin PBXResourcesBuildPhase section */
		1BE5AC70202044F10000F7FC /* Resources */ = {
			isa = PBXResourcesBuildPhase;
			buildActionMask = 2147483647;
			files = (
				1BE5AC80202044F10000F7FC /* LaunchScreen.storyboard in Resources */,
				1BE5AC7D202044F10000F7FC /* Assets.xcassets in Resources */,
				1BE5AC7B202044F10000F7FC /* Main.storyboard in Resources */,
			);
			runOnlyForDeploymentPostprocessing = 0;
		};
		1BE5AC84202044F10000F7FC /* Resources */ = {
			isa = PBXResourcesBuildPhase;
			buildActionMask = 2147483647;
			files = (
			);
			runOnlyForDeploymentPostprocessing = 0;
		};
		1BE5AC8F202044F10000F7FC /* Resources */ = {
			isa = PBXResourcesBuildPhase;
			buildActionMask = 2147483647;
			files = (
			);
			runOnlyForDeploymentPostprocessing = 0;
		};
/* End PBXResourcesBuildPhase section */

/* Begin PBXShellScriptBuildPhase section */
		19F163C7EC8162616CA1F64C /* [CP] Check Pods Manifest.lock */ = {
			isa = PBXShellScriptBuildPhase;
			buildActionMask = 2147483647;
			files = (
			);
			inputPaths = (
				"${PODS_PODFILE_DIR_PATH}/Podfile.lock",
				"${PODS_ROOT}/Manifest.lock",
			);
			name = "[CP] Check Pods Manifest.lock";
			outputPaths = (
				"$(DERIVED_FILE_DIR)/Pods-Flix-checkManifestLockResult.txt",
			);
			runOnlyForDeploymentPostprocessing = 0;
			shellPath = /bin/sh;
			shellScript = "diff \"${PODS_PODFILE_DIR_PATH}/Podfile.lock\" \"${PODS_ROOT}/Manifest.lock\" > /dev/null\nif [ $? != 0 ] ; then\n    # print error to STDERR\n    echo \"error: The sandbox is not in sync with the Podfile.lock. Run 'pod install' or update your CocoaPods installation.\" >&2\n    exit 1\nfi\n# This output is used by Xcode 'outputs' to avoid re-running this script phase.\necho \"SUCCESS\" > \"${SCRIPT_OUTPUT_FILE_0}\"\n";
			showEnvVarsInLog = 0;
		};
		2B2A559559D31ACD2598F55D /* [CP] Embed Pods Frameworks */ = {
			isa = PBXShellScriptBuildPhase;
			buildActionMask = 2147483647;
			files = (
			);
			inputPaths = (
			);
			name = "[CP] Embed Pods Frameworks";
			outputPaths = (
			);
			runOnlyForDeploymentPostprocessing = 0;
			shellPath = /bin/sh;
			shellScript = "\"${SRCROOT}/Pods/Target Support Files/Pods-FlixTests/Pods-FlixTests-frameworks.sh\"\n";
			showEnvVarsInLog = 0;
		};
		2F8EC038A94F12537C4B0CB5 /* [CP] Copy Pods Resources */ = {
			isa = PBXShellScriptBuildPhase;
			buildActionMask = 2147483647;
			files = (
			);
			inputPaths = (
			);
			name = "[CP] Copy Pods Resources";
			outputPaths = (
			);
			runOnlyForDeploymentPostprocessing = 0;
			shellPath = /bin/sh;
			shellScript = "\"${SRCROOT}/Pods/Target Support Files/Pods-FlixTests/Pods-FlixTests-resources.sh\"\n";
			showEnvVarsInLog = 0;
		};
		3032FA66E78CC1836782AF46 /* [CP] Copy Pods Resources */ = {
			isa = PBXShellScriptBuildPhase;
			buildActionMask = 2147483647;
			files = (
			);
			inputPaths = (
			);
			name = "[CP] Copy Pods Resources";
			outputPaths = (
			);
			runOnlyForDeploymentPostprocessing = 0;
			shellPath = /bin/sh;
			shellScript = "\"${SRCROOT}/Pods/Target Support Files/Pods-Flix/Pods-Flix-resources.sh\"\n";
			showEnvVarsInLog = 0;
		};
		3B419E5AC64E0A83EFDBE4B9 /* [CP] Check Pods Manifest.lock */ = {
			isa = PBXShellScriptBuildPhase;
			buildActionMask = 2147483647;
			files = (
			);
			inputPaths = (
				"${PODS_PODFILE_DIR_PATH}/Podfile.lock",
				"${PODS_ROOT}/Manifest.lock",
			);
			name = "[CP] Check Pods Manifest.lock";
			outputPaths = (
				"$(DERIVED_FILE_DIR)/Pods-FlixTests-checkManifestLockResult.txt",
			);
			runOnlyForDeploymentPostprocessing = 0;
			shellPath = /bin/sh;
			shellScript = "diff \"${PODS_PODFILE_DIR_PATH}/Podfile.lock\" \"${PODS_ROOT}/Manifest.lock\" > /dev/null\nif [ $? != 0 ] ; then\n    # print error to STDERR\n    echo \"error: The sandbox is not in sync with the Podfile.lock. Run 'pod install' or update your CocoaPods installation.\" >&2\n    exit 1\nfi\n# This output is used by Xcode 'outputs' to avoid re-running this script phase.\necho \"SUCCESS\" > \"${SCRIPT_OUTPUT_FILE_0}\"\n";
			showEnvVarsInLog = 0;
		};
		434D8FC5180E27E28741839B /* [CP] Embed Pods Frameworks */ = {
			isa = PBXShellScriptBuildPhase;
			buildActionMask = 2147483647;
			files = (
			);
			inputPaths = (
			);
			name = "[CP] Embed Pods Frameworks";
			outputPaths = (
			);
			runOnlyForDeploymentPostprocessing = 0;
			shellPath = /bin/sh;
			shellScript = "\"${SRCROOT}/Pods/Target Support Files/Pods-FlixUITests/Pods-FlixUITests-frameworks.sh\"\n";
			showEnvVarsInLog = 0;
		};
		94F4C3C35F382A32C63FD7E9 /* [CP] Copy Pods Resources */ = {
			isa = PBXShellScriptBuildPhase;
			buildActionMask = 2147483647;
			files = (
			);
			inputPaths = (
			);
			name = "[CP] Copy Pods Resources";
			outputPaths = (
			);
			runOnlyForDeploymentPostprocessing = 0;
			shellPath = /bin/sh;
			shellScript = "\"${SRCROOT}/Pods/Target Support Files/Pods-FlixUITests/Pods-FlixUITests-resources.sh\"\n";
			showEnvVarsInLog = 0;
		};
		D3017AA39BC17D6D95D5BE24 /* [CP] Check Pods Manifest.lock */ = {
			isa = PBXShellScriptBuildPhase;
			buildActionMask = 2147483647;
			files = (
			);
			inputPaths = (
				"${PODS_PODFILE_DIR_PATH}/Podfile.lock",
				"${PODS_ROOT}/Manifest.lock",
			);
			name = "[CP] Check Pods Manifest.lock";
			outputPaths = (
				"$(DERIVED_FILE_DIR)/Pods-FlixUITests-checkManifestLockResult.txt",
			);
			runOnlyForDeploymentPostprocessing = 0;
			shellPath = /bin/sh;
			shellScript = "diff \"${PODS_PODFILE_DIR_PATH}/Podfile.lock\" \"${PODS_ROOT}/Manifest.lock\" > /dev/null\nif [ $? != 0 ] ; then\n    # print error to STDERR\n    echo \"error: The sandbox is not in sync with the Podfile.lock. Run 'pod install' or update your CocoaPods installation.\" >&2\n    exit 1\nfi\n# This output is used by Xcode 'outputs' to avoid re-running this script phase.\necho \"SUCCESS\" > \"${SCRIPT_OUTPUT_FILE_0}\"\n";
			showEnvVarsInLog = 0;
		};
		F84CB6FFF8A5350CAFFA96B2 /* [CP] Embed Pods Frameworks */ = {
			isa = PBXShellScriptBuildPhase;
			buildActionMask = 2147483647;
			files = (
			);
			inputPaths = (
				"${SRCROOT}/Pods/Target Support Files/Pods-Flix/Pods-Flix-frameworks.sh",
				"${BUILT_PRODUCTS_DIR}/Alamofire/Alamofire.framework",
				"${BUILT_PRODUCTS_DIR}/AlamofireImage/AlamofireImage.framework",
			);
			name = "[CP] Embed Pods Frameworks";
			outputPaths = (
				"${TARGET_BUILD_DIR}/${FRAMEWORKS_FOLDER_PATH}/Alamofire.framework",
				"${TARGET_BUILD_DIR}/${FRAMEWORKS_FOLDER_PATH}/AlamofireImage.framework",
			);
			runOnlyForDeploymentPostprocessing = 0;
			shellPath = /bin/sh;
			shellScript = "\"${SRCROOT}/Pods/Target Support Files/Pods-Flix/Pods-Flix-frameworks.sh\"\n";
			showEnvVarsInLog = 0;
		};
/* End PBXShellScriptBuildPhase section */

/* Begin PBXSourcesBuildPhase section */
		1BE5AC6E202044F10000F7FC /* Sources */ = {
			isa = PBXSourcesBuildPhase;
			buildActionMask = 2147483647;
			files = (
				1B5BD29820205E4700CCB55A /* NowPlayingViewController.swift in Sources */,
				1BE5AC76202044F10000F7FC /* AppDelegate.swift in Sources */,
				1B496D382020EC7C008E3B0D /* MovieCell.swift in Sources */,
			);
			runOnlyForDeploymentPostprocessing = 0;
		};
		1BE5AC82202044F10000F7FC /* Sources */ = {
			isa = PBXSourcesBuildPhase;
			buildActionMask = 2147483647;
			files = (
				1BE5AC8B202044F10000F7FC /* FlixTests.swift in Sources */,
			);
			runOnlyForDeploymentPostprocessing = 0;
		};
		1BE5AC8D202044F10000F7FC /* Sources */ = {
			isa = PBXSourcesBuildPhase;
			buildActionMask = 2147483647;
			files = (
				1BE5AC96202044F10000F7FC /* FlixUITests.swift in Sources */,
			);
			runOnlyForDeploymentPostprocessing = 0;
		};
/* End PBXSourcesBuildPhase section */

/* Begin PBXTargetDependency section */
		1BE5AC88202044F10000F7FC /* PBXTargetDependency */ = {
			isa = PBXTargetDependency;
			target = 1BE5AC71202044F10000F7FC /* Flix */;
			targetProxy = 1BE5AC87202044F10000F7FC /* PBXContainerItemProxy */;
		};
		1BE5AC93202044F10000F7FC /* PBXTargetDependency */ = {
			isa = PBXTargetDependency;
			target = 1BE5AC71202044F10000F7FC /* Flix */;
			targetProxy = 1BE5AC92202044F10000F7FC /* PBXContainerItemProxy */;
		};
/* End PBXTargetDependency section */

/* Begin PBXVariantGroup section */
		1BE5AC79202044F10000F7FC /* Main.storyboard */ = {
			isa = PBXVariantGroup;
			children = (
				1BE5AC7A202044F10000F7FC /* Base */,
			);
			name = Main.storyboard;
			sourceTree = "<group>";
		};
		1BE5AC7E202044F10000F7FC /* LaunchScreen.storyboard */ = {
			isa = PBXVariantGroup;
			children = (
				1BE5AC7F202044F10000F7FC /* Base */,
			);
			name = LaunchScreen.storyboard;
			sourceTree = "<group>";
		};
/* End PBXVariantGroup section */

/* Begin XCBuildConfiguration section */
		1BE5AC98202044F10000F7FC /* Debug */ = {
			isa = XCBuildConfiguration;
			buildSettings = {
				ALWAYS_SEARCH_USER_PATHS = NO;
				CLANG_ANALYZER_NONNULL = YES;
				CLANG_ANALYZER_NUMBER_OBJECT_CONVERSION = YES_AGGRESSIVE;
				CLANG_CXX_LANGUAGE_STANDARD = "gnu++14";
				CLANG_CXX_LIBRARY = "libc++";
				CLANG_ENABLE_MODULES = YES;
				CLANG_ENABLE_OBJC_ARC = YES;
				CLANG_WARN_BLOCK_CAPTURE_AUTORELEASING = YES;
				CLANG_WARN_BOOL_CONVERSION = YES;
				CLANG_WARN_COMMA = YES;
				CLANG_WARN_CONSTANT_CONVERSION = YES;
				CLANG_WARN_DIRECT_OBJC_ISA_USAGE = YES_ERROR;
				CLANG_WARN_DOCUMENTATION_COMMENTS = YES;
				CLANG_WARN_EMPTY_BODY = YES;
				CLANG_WARN_ENUM_CONVERSION = YES;
				CLANG_WARN_INFINITE_RECURSION = YES;
				CLANG_WARN_INT_CONVERSION = YES;
				CLANG_WARN_NON_LITERAL_NULL_CONVERSION = YES;
				CLANG_WARN_OBJC_LITERAL_CONVERSION = YES;
				CLANG_WARN_OBJC_ROOT_CLASS = YES_ERROR;
				CLANG_WARN_RANGE_LOOP_ANALYSIS = YES;
				CLANG_WARN_STRICT_PROTOTYPES = YES;
				CLANG_WARN_SUSPICIOUS_MOVE = YES;
				CLANG_WARN_UNGUARDED_AVAILABILITY = YES_AGGRESSIVE;
				CLANG_WARN_UNREACHABLE_CODE = YES;
				CLANG_WARN__DUPLICATE_METHOD_MATCH = YES;
				CODE_SIGN_IDENTITY = "iPhone Developer";
				COPY_PHASE_STRIP = NO;
				DEBUG_INFORMATION_FORMAT = dwarf;
				ENABLE_STRICT_OBJC_MSGSEND = YES;
				ENABLE_TESTABILITY = YES;
				GCC_C_LANGUAGE_STANDARD = gnu11;
				GCC_DYNAMIC_NO_PIC = NO;
				GCC_NO_COMMON_BLOCKS = YES;
				GCC_OPTIMIZATION_LEVEL = 0;
				GCC_PREPROCESSOR_DEFINITIONS = (
					"DEBUG=1",
					"$(inherited)",
				);
				GCC_WARN_64_TO_32_BIT_CONVERSION = YES;
				GCC_WARN_ABOUT_RETURN_TYPE = YES_ERROR;
				GCC_WARN_UNDECLARED_SELECTOR = YES;
				GCC_WARN_UNINITIALIZED_AUTOS = YES_AGGRESSIVE;
				GCC_WARN_UNUSED_FUNCTION = YES;
				GCC_WARN_UNUSED_VARIABLE = YES;
				IPHONEOS_DEPLOYMENT_TARGET = 11.1;
				MTL_ENABLE_DEBUG_INFO = YES;
				ONLY_ACTIVE_ARCH = YES;
				SDKROOT = iphoneos;
				SWIFT_ACTIVE_COMPILATION_CONDITIONS = DEBUG;
				SWIFT_OPTIMIZATION_LEVEL = "-Onone";
			};
			name = Debug;
		};
		1BE5AC99202044F10000F7FC /* Release */ = {
			isa = XCBuildConfiguration;
			buildSettings = {
				ALWAYS_SEARCH_USER_PATHS = NO;
				CLANG_ANALYZER_NONNULL = YES;
				CLANG_ANALYZER_NUMBER_OBJECT_CONVERSION = YES_AGGRESSIVE;
				CLANG_CXX_LANGUAGE_STANDARD = "gnu++14";
				CLANG_CXX_LIBRARY = "libc++";
				CLANG_ENABLE_MODULES = YES;
				CLANG_ENABLE_OBJC_ARC = YES;
				CLANG_WARN_BLOCK_CAPTURE_AUTORELEASING = YES;
				CLANG_WARN_BOOL_CONVERSION = YES;
				CLANG_WARN_COMMA = YES;
				CLANG_WARN_CONSTANT_CONVERSION = YES;
				CLANG_WARN_DIRECT_OBJC_ISA_USAGE = YES_ERROR;
				CLANG_WARN_DOCUMENTATION_COMMENTS = YES;
				CLANG_WARN_EMPTY_BODY = YES;
				CLANG_WARN_ENUM_CONVERSION = YES;
				CLANG_WARN_INFINITE_RECURSION = YES;
				CLANG_WARN_INT_CONVERSION = YES;
				CLANG_WARN_NON_LITERAL_NULL_CONVERSION = YES;
				CLANG_WARN_OBJC_LITERAL_CONVERSION = YES;
				CLANG_WARN_OBJC_ROOT_CLASS = YES_ERROR;
				CLANG_WARN_RANGE_LOOP_ANALYSIS = YES;
				CLANG_WARN_STRICT_PROTOTYPES = YES;
				CLANG_WARN_SUSPICIOUS_MOVE = YES;
				CLANG_WARN_UNGUARDED_AVAILABILITY = YES_AGGRESSIVE;
				CLANG_WARN_UNREACHABLE_CODE = YES;
				CLANG_WARN__DUPLICATE_METHOD_MATCH = YES;
				CODE_SIGN_IDENTITY = "iPhone Developer";
				COPY_PHASE_STRIP = NO;
				DEBUG_INFORMATION_FORMAT = "dwarf-with-dsym";
				ENABLE_NS_ASSERTIONS = NO;
				ENABLE_STRICT_OBJC_MSGSEND = YES;
				GCC_C_LANGUAGE_STANDARD = gnu11;
				GCC_NO_COMMON_BLOCKS = YES;
				GCC_WARN_64_TO_32_BIT_CONVERSION = YES;
				GCC_WARN_ABOUT_RETURN_TYPE = YES_ERROR;
				GCC_WARN_UNDECLARED_SELECTOR = YES;
				GCC_WARN_UNINITIALIZED_AUTOS = YES_AGGRESSIVE;
				GCC_WARN_UNUSED_FUNCTION = YES;
				GCC_WARN_UNUSED_VARIABLE = YES;
				IPHONEOS_DEPLOYMENT_TARGET = 11.1;
				MTL_ENABLE_DEBUG_INFO = NO;
				SDKROOT = iphoneos;
				SWIFT_OPTIMIZATION_LEVEL = "-Owholemodule";
				VALIDATE_PRODUCT = YES;
			};
			name = Release;
		};
		1BE5AC9B202044F10000F7FC /* Debug */ = {
			isa = XCBuildConfiguration;
			baseConfigurationReference = 53EF4526E41F1723F3441694 /* Pods-Flix.debug.xcconfig */;
			buildSettings = {
				ASSETCATALOG_COMPILER_APPICON_NAME = AppIcon;
				CODE_SIGN_STYLE = Automatic;
				INFOPLIST_FILE = Flix/Info.plist;
				LD_RUNPATH_SEARCH_PATHS = "$(inherited) @executable_path/Frameworks";
				PRODUCT_BUNDLE_IDENTIFIER = com.honoriovega.Flix;
				PRODUCT_NAME = "$(TARGET_NAME)";
				SWIFT_VERSION = 4.0;
				TARGETED_DEVICE_FAMILY = "1,2";
			};
			name = Debug;
		};
		1BE5AC9C202044F10000F7FC /* Release */ = {
			isa = XCBuildConfiguration;
			baseConfigurationReference = B8F0ED86E5C8854510EE2012 /* Pods-Flix.release.xcconfig */;
			buildSettings = {
				ASSETCATALOG_COMPILER_APPICON_NAME = AppIcon;
				CODE_SIGN_STYLE = Automatic;
				INFOPLIST_FILE = Flix/Info.plist;
				LD_RUNPATH_SEARCH_PATHS = "$(inherited) @executable_path/Frameworks";
				PRODUCT_BUNDLE_IDENTIFIER = com.honoriovega.Flix;
				PRODUCT_NAME = "$(TARGET_NAME)";
				SWIFT_VERSION = 4.0;
				TARGETED_DEVICE_FAMILY = "1,2";
			};
			name = Release;
		};
		1BE5AC9E202044F10000F7FC /* Debug */ = {
			isa = XCBuildConfiguration;
			baseConfigurationReference = D2907D7C4F5983568CE155E2 /* Pods-FlixTests.debug.xcconfig */;
			buildSettings = {
				ALWAYS_EMBED_SWIFT_STANDARD_LIBRARIES = YES;
				BUNDLE_LOADER = "$(TEST_HOST)";
				CODE_SIGN_STYLE = Automatic;
				INFOPLIST_FILE = FlixTests/Info.plist;
				LD_RUNPATH_SEARCH_PATHS = "$(inherited) @executable_path/Frameworks @loader_path/Frameworks";
				PRODUCT_BUNDLE_IDENTIFIER = com.honoriovega.FlixTests;
				PRODUCT_NAME = "$(TARGET_NAME)";
				SWIFT_VERSION = 4.0;
				TARGETED_DEVICE_FAMILY = "1,2";
				TEST_HOST = "$(BUILT_PRODUCTS_DIR)/Flix.app/Flix";
			};
			name = Debug;
		};
		1BE5AC9F202044F10000F7FC /* Release */ = {
			isa = XCBuildConfiguration;
			baseConfigurationReference = BFC74027503A648F979658AF /* Pods-FlixTests.release.xcconfig */;
			buildSettings = {
				ALWAYS_EMBED_SWIFT_STANDARD_LIBRARIES = YES;
				BUNDLE_LOADER = "$(TEST_HOST)";
				CODE_SIGN_STYLE = Automatic;
				INFOPLIST_FILE = FlixTests/Info.plist;
				LD_RUNPATH_SEARCH_PATHS = "$(inherited) @executable_path/Frameworks @loader_path/Frameworks";
				PRODUCT_BUNDLE_IDENTIFIER = com.honoriovega.FlixTests;
				PRODUCT_NAME = "$(TARGET_NAME)";
				SWIFT_VERSION = 4.0;
				TARGETED_DEVICE_FAMILY = "1,2";
				TEST_HOST = "$(BUILT_PRODUCTS_DIR)/Flix.app/Flix";
			};
			name = Release;
		};
		1BE5ACA1202044F10000F7FC /* Debug */ = {
			isa = XCBuildConfiguration;
			baseConfigurationReference = 061B6F39D8AD2F527AD35C17 /* Pods-FlixUITests.debug.xcconfig */;
			buildSettings = {
				ALWAYS_EMBED_SWIFT_STANDARD_LIBRARIES = YES;
				CODE_SIGN_STYLE = Automatic;
				INFOPLIST_FILE = FlixUITests/Info.plist;
				LD_RUNPATH_SEARCH_PATHS = "$(inherited) @executable_path/Frameworks @loader_path/Frameworks";
				PRODUCT_BUNDLE_IDENTIFIER = com.honoriovega.FlixUITests;
				PRODUCT_NAME = "$(TARGET_NAME)";
				SWIFT_VERSION = 4.0;
				TARGETED_DEVICE_FAMILY = "1,2";
				TEST_TARGET_NAME = Flix;
			};
			name = Debug;
		};
		1BE5ACA2202044F10000F7FC /* Release */ = {
			isa = XCBuildConfiguration;
			baseConfigurationReference = 80A19CFBE37853E5FA70CB1B /* Pods-FlixUITests.release.xcconfig */;
			buildSettings = {
				ALWAYS_EMBED_SWIFT_STANDARD_LIBRARIES = YES;
				CODE_SIGN_STYLE = Automatic;
				INFOPLIST_FILE = FlixUITests/Info.plist;
				LD_RUNPATH_SEARCH_PATHS = "$(inherited) @executable_path/Frameworks @loader_path/Frameworks";
				PRODUCT_BUNDLE_IDENTIFIER = com.honoriovega.FlixUITests;
				PRODUCT_NAME = "$(TARGET_NAME)";
				SWIFT_VERSION = 4.0;
				TARGETED_DEVICE_FAMILY = "1,2";
				TEST_TARGET_NAME = Flix;
			};
			name = Release;
		};
/* End XCBuildConfiguration section */

/* Begin XCConfigurationList section */
		1BE5AC6D202044F10000F7FC /* Build configuration list for PBXProject "Flix" */ = {
			isa = XCConfigurationList;
			buildConfigurations = (
				1BE5AC98202044F10000F7FC /* Debug */,
				1BE5AC99202044F10000F7FC /* Release */,
			);
			defaultConfigurationIsVisible = 0;
			defaultConfigurationName = Release;
		};
		1BE5AC9A202044F10000F7FC /* Build configuration list for PBXNativeTarget "Flix" */ = {
			isa = XCConfigurationList;
			buildConfigurations = (
				1BE5AC9B202044F10000F7FC /* Debug */,
				1BE5AC9C202044F10000F7FC /* Release */,
			);
			defaultConfigurationIsVisible = 0;
			defaultConfigurationName = Release;
		};
		1BE5AC9D202044F10000F7FC /* Build configuration list for PBXNativeTarget "FlixTests" */ = {
			isa = XCConfigurationList;
			buildConfigurations = (
				1BE5AC9E202044F10000F7FC /* Debug */,
				1BE5AC9F202044F10000F7FC /* Release */,
			);
			defaultConfigurationIsVisible = 0;
			defaultConfigurationName = Release;
		};
		1BE5ACA0202044F10000F7FC /* Build configuration list for PBXNativeTarget "FlixUITests" */ = {
			isa = XCConfigurationList;
			buildConfigurations = (
				1BE5ACA1202044F10000F7FC /* Debug */,
				1BE5ACA2202044F10000F7FC /* Release */,
			);
			defaultConfigurationIsVisible = 0;
			defaultConfigurationName = Release;
		};
/* End XCConfigurationList section */
	};
	rootObject = 1BE5AC6A202044F10000F7FC /* Project object */;
}
